# This file is automatically @generated by Cargo.
# It is not intended for manual editing.
version = 4

[[package]]
name = "apolysis-cli"
version = "0.1.0"
dependencies = [
 "apolysis-observer",
 "apolysis-runtime",
]

[[package]]
name = "apolysis-core"
version = "0.1.0"

[[package]]
name = "apolysis-feedback"
version = "0.1.0"
dependencies = [
 "apolysis-core",
]

[[package]]
name = "apolysis-observer"
version = "0.1.0"
dependencies = [
 "apolysis-core",
 "apolysis-feedback",
 "apolysis-policy",
 "apolysis-store",
]

[[package]]
name = "apolysis-policy"
version = "0.1.0"
dependencies = [
 "apolysis-core",
]

[[package]]
name = "apolysis-runtime"
version = "0.1.0"
dependencies = [
 "apolysis-core",
 "apolysis-policy",
 "apolysis-store",
]

[[package]]
name = "apolysis-store"
version = "0.1.0"
dependencies = [
 "apolysis-core",
]
