# This file is automatically @generated by Cargo.
# It is not intended for manual editing.
version = 4

[[package]]
name = "apolysis-cli"
version = "0.1.0"
dependencies = [
 "apolysis-core",
 "apolysis-store",
]

[[package]]
name = "apolysis-core"
version = "0.1.0"

[[package]]
name = "apolysis-policy"
version = "0.1.0"

[[package]]
name = "apolysis-store"
version = "0.1.0"
dependencies = [
 "apolysis-core",
]
